// !$*UTF8*$!
{
	archiveVersion = 1;
	classes = {
	};
	objectVersion = 77;
	objects = {

/* Begin PBXBuildFile section */
		1157B7AC2DF0CA1C001EB7D6 /* AwesomeNavigation in Frameworks */ = {isa = PBXBuildFile; productRef = 1157B7AB2DF0CA1C001EB7D6 /* AwesomeNavigation */; };
/* End PBXBuildFile section */

/* Begin PBXContainerItemProxy section */
		1157B78E2DF0C989001EB7D6 /* PBXContainerItemProxy */ = {
			isa = PBXContainerItemProxy;
			containerPortal = 1157B7782DF0C988001EB7D6 /* Project object */;
			proxyType = 1;
			remoteGlobalIDString = 1157B77F2DF0C988001EB7D6;
			remoteInfo = AwesomeNavigationExample;
		};
		1157B7982DF0C989001EB7D6 /* PBXContainerItemProxy */ = {
			isa = PBXContainerItemProxy;
			containerPortal = 1157B7782DF0C988001EB7D6 /* Project object */;
			proxyType = 1;
			remoteGlobalIDString = 1157B77F2DF0C988001EB7D6;
			remoteInfo = AwesomeNavigationExample;
		};
/* End PBXContainerItemProxy section */

/* Begin PBXFileReference section */
		1157B7802DF0C988001EB7D6 /* AwesomeNavigationExample.app */ = {isa = PBXFileReference; explicitFileType = wrapper.application; includeInIndex = 0; path = AwesomeNavigationExample.app; sourceTree = BUILT_PRODUCTS_DIR; };
		1157B78D2DF0C989001EB7D6 /* AwesomeNavigationExampleTests.xctest */ = {isa = PBXFileReference; explicitFileType = wrapper.cfbundle; includeInIndex = 0; path = AwesomeNavigationExampleTests.xctest; sourceTree = BUILT_PRODUCTS_DIR; };
		1157B7972DF0C989001EB7D6 /* AwesomeNavigationExampleUITests.xctest */ = {isa = PBXFileReference; explicitFileType = wrapper.cfbundle; includeInIndex = 0; path = AwesomeNavigationExampleUITests.xctest; sourceTree = BUILT_PRODUCTS_DIR; };
/* End PBXFileReference section */

/* Begin PBXFileSystemSynchronizedRootGroup section */
		1157B7822DF0C988001EB7D6 /* AwesomeNavigationExample */ = {
			isa = PBXFileSystemSynchronizedRootGroup;
			path = AwesomeNavigationExample;
			sourceTree = "<group>";
		};
		1157B7902DF0C989001EB7D6 /* AwesomeNavigationExampleTests */ = {
			isa = PBXFileSystemSynchronizedRootGroup;
			path = AwesomeNavigationExampleTests;
			sourceTree = "<group>";
		};
		1157B79A2DF0C989001EB7D6 /* AwesomeNavigationExampleUITests */ = {
			isa = PBXFileSystemSynchronizedRootGroup;
			path = AwesomeNavigationExampleUITests;
			sourceTree = "<group>";
		};
/* End PBXFileSystemSynchronizedRootGroup section */

/* Begin PBXFrameworksBuildPhase section */
		1157B77D2DF0C988001EB7D6 /* Frameworks */ = {
			isa = PBXFrameworksBuildPhase;
			buildActionMask = 2147483647;
			files = (
				1157B7AC2DF0CA1C001EB7D6 /* AwesomeNavigation in Frameworks */,
			);
			runOnlyForDeploymentPostprocessing = 0;
		};
		1157B78A2DF0C989001EB7D6 /* Frameworks */ = {
			isa = PBXFrameworksBuildPhase;
			buildActionMask = 2147483647;
			files = (
			);
			runOnlyForDeploymentPostprocessing = 0;
		};
		1157B7942DF0C989001EB7D6 /* Frameworks */ = {
			isa = PBXFrameworksBuildPhase;
			buildActionMask = 2147483647;
			files = (
			);
			runOnlyForDeploymentPostprocessing = 0;
		};
/* End PBXFrameworksBuildPhase section */

/* Begin PBXGroup section */
		1157B7772DF0C988001EB7D6 = {
			isa = PBXGroup;
			children = (
				1157B7822DF0C988001EB7D6 /* AwesomeNavigationExample */,
				1157B7902DF0C989001EB7D6 /* AwesomeNavigationExampleTests */,
				1157B79A2DF0C989001EB7D6 /* AwesomeNavigationExampleUITests */,
				1157B7812DF0C988001EB7D6 /* Products */,
			);
			sourceTree = "<group>";
		};
		1157B7812DF0C988001EB7D6 /* Products */ = {
			isa = PBXGroup;
			children = (
				1157B7802DF0C988001EB7D6 /* AwesomeNavigationExample.app */,
				1157B78D2DF0C989001EB7D6 /* AwesomeNavigationExampleTests.xctest */,
				1157B7972DF0C989001EB7D6 /* AwesomeNavigationExampleUITests.xctest */,
			);
			name = Products;
			sourceTree = "<group>";
		};
/* End PBXGroup section */

/* Begin PBXNativeTarget section */
		1157B77F2DF0C988001EB7D6 /* AwesomeNavigationExample */ = {
			isa = PBXNativeTarget;
			buildConfigurationList = 1157B7A12DF0C989001EB7D6 /* Build configuration list for PBXNativeTarget "AwesomeNavigationExample" */;
			buildPhases = (
				1157B77C2DF0C988001EB7D6 /* Sources */,
				1157B77D2DF0C988001EB7D6 /* Frameworks */,
				1157B77E2DF0C988001EB7D6 /* Resources */,
			);
			buildRules = (
			);
			dependencies = (
			);
			fileSystemSynchronizedGroups = (
				1157B7822DF0C988001EB7D6 /* AwesomeNavigationExample */,
			);
			name = AwesomeNavigationExample;
			packageProductDependencies = (
				1157B7AB2DF0CA1C001EB7D6 /* AwesomeNavigation */,
			);
			productName = AwesomeNavigationExample;
			productReference = 1157B7802DF0C988001EB7D6 /* AwesomeNavigationExample.app */;
			productType = "com.apple.product-type.application";
		};
		1157B78C2DF0C989001EB7D6 /* AwesomeNavigationExampleTests */ = {
			isa = PBXNativeTarget;
			buildConfigurationList = 1157B7A42DF0C989001EB7D6 /* Build configuration list for PBXNativeTarget "AwesomeNavigationExampleTests" */;
			buildPhases = (
				1157B7892DF0C989001EB7D6 /* Sources */,
				1157B78A2DF0C989001EB7D6 /* Frameworks */,
				1157B78B2DF0C989001EB7D6 /* Resources */,
			);
			buildRules = (
			);
			dependencies = (
				1157B78F2DF0C989001EB7D6 /* PBXTargetDependency */,
			);
			fileSystemSynchronizedGroups = (
				1157B7902DF0C989001EB7D6 /* AwesomeNavigationExampleTests */,
			);
			name = AwesomeNavigationExampleTests;
			packageProductDependencies = (
			);
			productName = AwesomeNavigationExampleTests;
			productReference = 1157B78D2DF0C989001EB7D6 /* AwesomeNavigationExampleTests.xctest */;
			productType = "com.apple.product-type.bundle.unit-test";
		};
		1157B7962DF0C989001EB7D6 /* AwesomeNavigationExampleUITests */ = {
			isa = PBXNativeTarget;
			buildConfigurationList = 1157B7A72DF0C989001EB7D6 /* Build configuration list for PBXNativeTarget "AwesomeNavigationExampleUITests" */;
			buildPhases = (
				1157B7932DF0C989001EB7D6 /* Sources */,
				1157B7942DF0C989001EB7D6 /* Frameworks */,
				1157B7952DF0C989001EB7D6 /* Resources */,
			);
			buildRules = (
			);
			dependencies = (
				1157B7992DF0C989001EB7D6 /* PBXTargetDependency */,
			);
			fileSystemSynchronizedGroups = (
				1157B79A2DF0C989001EB7D6 /* AwesomeNavigationExampleUITests */,
			);
			name = AwesomeNavigationExampleUITests;
			packageProductDependencies = (
			);
			productName = AwesomeNavigationExampleUITests;
			productReference = 1157B7972DF0C989001EB7D6 /* AwesomeNavigationExampleUITests.xctest */;
			productType = "com.apple.product-type.bundle.ui-testing";
		};
/* End PBXNativeTarget section */

/* Begin PBXProject section */
		1157B7782DF0C988001EB7D6 /* Project object */ = {
			isa = PBXProject;
			attributes = {
				BuildIndependentTargetsInParallel = 1;
				LastSwiftUpdateCheck = 1640;
				LastUpgradeCheck = 1640;
				TargetAttributes = {
					1157B77F2DF0C988001EB7D6 = {
						CreatedOnToolsVersion = 16.4;
					};
					1157B78C2DF0C989001EB7D6 = {
						CreatedOnToolsVersion = 16.4;
						TestTargetID = 1157B77F2DF0C988001EB7D6;
					};
					1157B7962DF0C989001EB7D6 = {
						CreatedOnToolsVersion = 16.4;
						TestTargetID = 1157B77F2DF0C988001EB7D6;
					};
				};
			};
			buildConfigurationList = 1157B77B2DF0C988001EB7D6 /* Build configuration list for PBXProject "AwesomeNavigationExample" */;
			developmentRegion = en;
			hasScannedForEncodings = 0;
			knownRegions = (
				en,
				Base,
			);
			mainGroup = 1157B7772DF0C988001EB7D6;
			minimizedProjectReferenceProxies = 1;
			packageReferences = (
				1157B7AA2DF0CA1C001EB7D6 /* XCLocalSwiftPackageReference "../../../AwesomeNavigation" */,
			);
			preferredProjectObjectVersion = 77;
			productRefGroup = 1157B7812DF0C988001EB7D6 /* Products */;
			projectDirPath = "";
			projectRoot = "";
			targets = (
				1157B77F2DF0C988001EB7D6 /* AwesomeNavigationExample */,
				1157B78C2DF0C989001EB7D6 /* AwesomeNavigationExampleTests */,
				1157B7962DF0C989001EB7D6 /* AwesomeNavigationExampleUITests */,
			);
		};
/* End PBXProject section */

/* Begin PBXResourcesBuildPhase section */
		1157B77E2DF0C988001EB7D6 /* Resources */ = {
			isa = PBXResourcesBuildPhase;
			buildActionMask = 2147483647;
			files = (
			);
			runOnlyForDeploymentPostprocessing = 0;
		};
		1157B78B2DF0C989001EB7D6 /* Resources */ = {
			isa = PBXResourcesBuildPhase;
			buildActionMask = 2147483647;
			files = (
			);
			runOnlyForDeploymentPostprocessing = 0;
		};
		1157B7952DF0C989001EB7D6 /* Resources */ = {
			isa = PBXResourcesBuildPhase;
			buildActionMask = 2147483647;
			files = (
			);
			runOnlyForDeploymentPostprocessing = 0;
		};
/* End PBXResourcesBuildPhase section */

/* Begin PBXSourcesBuildPhase section */
		1157B77C2DF0C988001EB7D6 /* Sources */ = {
			isa = PBXSourcesBuildPhase;
			buildActionMask = 2147483647;
			files = (
			);
			runOnlyForDeploymentPostprocessing = 0;
		};
		1157B7892DF0C989001EB7D6 /* Sources */ = {
			isa = PBXSourcesBuildPhase;
			buildActionMask = 2147483647;
			files = (
			);
			runOnlyForDeploymentPostprocessing = 0;
		};
		1157B7932DF0C989001EB7D6 /* Sources */ = {
			isa = PBXSourcesBuildPhase;
			buildActionMask = 2147483647;
			files = (
			);
			runOnlyForDeploymentPostprocessing = 0;
		};
/* End PBXSourcesBuildPhase section */

/* Begin PBXTargetDependency section */
		1157B78F2DF0C989001EB7D6 /* PBXTargetDependency */ = {
			isa = PBXTargetDependency;
			target = 1157B77F2DF0C988001EB7D6 /* AwesomeNavigationExample */;
			targetProxy = 1157B78E2DF0C989001EB7D6 /* PBXContainerItemProxy */;
		};
		1157B7992DF0C989001EB7D6 /* PBXTargetDependency */ = {
			isa = PBXTargetDependency;
			target = 1157B77F2DF0C988001EB7D6 /* AwesomeNavigationExample */;
			targetProxy = 1157B7982DF0C989001EB7D6 /* PBXContainerItemProxy */;
		};
/* End PBXTargetDependency section */

/* Begin XCBuildConfiguration section */
		1157B79F2DF0C989001EB7D6 /* Debug */ = {
			isa = XCBuildConfiguration;
			buildSettings = {
				ALWAYS_SEARCH_USER_PATHS = NO;
				ASSETCATALOG_COMPILER_GENERATE_SWIFT_ASSET_SYMBOL_EXTENSIONS = YES;
				CLANG_ANALYZER_NONNULL = YES;
				CLANG_ANALYZER_NUMBER_OBJECT_CONVERSION = YES_AGGRESSIVE;
				CLANG_CXX_LANGUAGE_STANDARD = "gnu++20";
				CLANG_ENABLE_MODULES = YES;
				CLANG_ENABLE_OBJC_ARC = YES;
				CLANG_ENABLE_OBJC_WEAK = YES;
				CLANG_WARN_BLOCK_CAPTURE_AUTORELEASING = YES;
				CLANG_WARN_BOOL_CONVERSION = YES;
				CLANG_WARN_COMMA = YES;
				CLANG_WARN_CONSTANT_CONVERSION = YES;
				CLANG_WARN_DEPRECATED_OBJC_IMPLEMENTATIONS = YES;
				CLANG_WARN_DIRECT_OBJC_ISA_USAGE = YES_ERROR;
				CLANG_WARN_DOCUMENTATION_COMMENTS = YES;
				CLANG_WARN_EMPTY_BODY = YES;
				CLANG_WARN_ENUM_CONVERSION = YES;
				CLANG_WARN_INFINITE_RECURSION = YES;
				CLANG_WARN_INT_CONVERSION = YES;
				CLANG_WARN_NON_LITERAL_NULL_CONVERSION = YES;
				CLANG_WARN_OBJC_IMPLICIT_RETAIN_SELF = YES;
				CLANG_WARN_OBJC_LITERAL_CONVERSION = YES;
				CLANG_WARN_OBJC_ROOT_CLASS = YES_ERROR;
				CLANG_WARN_QUOTED_INCLUDE_IN_FRAMEWORK_HEADER = YES;
				CLANG_WARN_RANGE_LOOP_ANALYSIS = YES;
				CLANG_WARN_STRICT_PROTOTYPES = YES;
				CLANG_WARN_SUSPICIOUS_MOVE = YES;
				CLANG_WARN_UNGUARDED_AVAILABILITY = YES_AGGRESSIVE;
				CLANG_WARN_UNREACHABLE_CODE = YES;
				CLANG_WARN__DUPLICATE_METHOD_MATCH = YES;
				COPY_PHASE_STRIP = NO;
				DEBUG_INFORMATION_FORMAT = dwarf;
				DEVELOPMENT_TEAM = H56BQC5KZW;
				ENABLE_STRICT_OBJC_MSGSEND = YES;
				ENABLE_TESTABILITY = YES;
				ENABLE_USER_SCRIPT_SANDBOXING = YES;
				GCC_C_LANGUAGE_STANDARD = gnu17;
				GCC_DYNAMIC_NO_PIC = NO;
				GCC_NO_COMMON_BLOCKS = YES;
				GCC_OPTIMIZATION_LEVEL = 0;
				GCC_PREPROCESSOR_DEFINITIONS = (
					"DEBUG=1",
					"$(inherited)",
				);
				GCC_WARN_64_TO_32_BIT_CONVERSION = YES;
				GCC_WARN_ABOUT_RETURN_TYPE = YES_ERROR;
				GCC_WARN_UNDECLARED_SELECTOR = YES;
				GCC_WARN_UNINITIALIZED_AUTOS = YES_AGGRESSIVE;
				GCC_WARN_UNUSED_FUNCTION = YES;
				GCC_WARN_UNUSED_VARIABLE = YES;
				IPHONEOS_DEPLOYMENT_TARGET = 18.5;
				LOCALIZATION_PREFERS_STRING_CATALOGS = YES;
				MTL_ENABLE_DEBUG_INFO = INCLUDE_SOURCE;
				MTL_FAST_MATH = YES;
				ONLY_ACTIVE_ARCH = YES;
				SDKROOT = iphoneos;
				SWIFT_ACTIVE_COMPILATION_CONDITIONS = "DEBUG $(inherited)";
				SWIFT_OPTIMIZATION_LEVEL = "-Onone";
			};
			name = Debug;
		};
		1157B7A02DF0C989001EB7D6 /* Release */ = {
			isa = XCBuildConfiguration;
			buildSettings = {
				ALWAYS_SEARCH_USER_PATHS = NO;
				ASSETCATALOG_COMPILER_GENERATE_SWIFT_ASSET_SYMBOL_EXTENSIONS = YES;
				CLANG_ANALYZER_NONNULL = YES;
				CLANG_ANALYZER_NUMBER_OBJECT_CONVERSION = YES_AGGRESSIVE;
				CLANG_CXX_LANGUAGE_STANDARD = "gnu++20";
				CLANG_ENABLE_MODULES = YES;
				CLANG_ENABLE_OBJC_ARC = YES;
				CLANG_ENABLE_OBJC_WEAK = YES;
				CLANG_WARN_BLOCK_CAPTURE_AUTORELEASING = YES;
				CLANG_WARN_BOOL_CONVERSION = YES;
				CLANG_WARN_COMMA = YES;
				CLANG_WARN_CONSTANT_CONVERSION = YES;
				CLANG_WARN_DEPRECATED_OBJC_IMPLEMENTATIONS = YES;
				CLANG_WARN_DIRECT_OBJC_ISA_USAGE = YES_ERROR;
				CLANG_WARN_DOCUMENTATION_COMMENTS = YES;
				CLANG_WARN_EMPTY_BODY = YES;
				CLANG_WARN_ENUM_CONVERSION = YES;
				CLANG_WARN_INFINITE_RECURSION = YES;
				CLANG_WARN_INT_CONVERSION = YES;
				CLANG_WARN_NON_LITERAL_NULL_CONVERSION = YES;
				CLANG_WARN_OBJC_IMPLICIT_RETAIN_SELF = YES;
				CLANG_WARN_OBJC_LITERAL_CONVERSION = YES;
				CLANG_WARN_OBJC_ROOT_CLASS = YES_ERROR;
				CLANG_WARN_QUOTED_INCLUDE_IN_FRAMEWORK_HEADER = YES;
				CLANG_WARN_RANGE_LOOP_ANALYSIS = YES;
				CLANG_WARN_STRICT_PROTOTYPES = YES;
				CLANG_WARN_SUSPICIOUS_MOVE = YES;
				CLANG_WARN_UNGUARDED_AVAILABILITY = YES_AGGRESSIVE;
				CLANG_WARN_UNREACHABLE_CODE = YES;
				CLANG_WARN__DUPLICATE_METHOD_MATCH = YES;
				COPY_PHASE_STRIP = NO;
				DEBUG_INFORMATION_FORMAT = "dwarf-with-dsym";
				DEVELOPMENT_TEAM = H56BQC5KZW;
				ENABLE_NS_ASSERTIONS = NO;
				ENABLE_STRICT_OBJC_MSGSEND = YES;
				ENABLE_USER_SCRIPT_SANDBOXING = YES;
				GCC_C_LANGUAGE_STANDARD = gnu17;
				GCC_NO_COMMON_BLOCKS = YES;
				GCC_WARN_64_TO_32_BIT_CONVERSION = YES;
				GCC_WARN_ABOUT_RETURN_TYPE = YES_ERROR;
				GCC_WARN_UNDECLARED_SELECTOR = YES;
				GCC_WARN_UNINITIALIZED_AUTOS = YES_AGGRESSIVE;
				GCC_WARN_UNUSED_FUNCTION = YES;
				GCC_WARN_UNUSED_VARIABLE = YES;
				IPHONEOS_DEPLOYMENT_TARGET = 18.5;
				LOCALIZATION_PREFERS_STRING_CATALOGS = YES;
				MTL_ENABLE_DEBUG_INFO = NO;
				MTL_FAST_MATH = YES;
				SDKROOT = iphoneos;
				SWIFT_COMPILATION_MODE = wholemodule;
				VALIDATE_PRODUCT = YES;
			};
			name = Release;
		};
		1157B7A22DF0C989001EB7D6 /* Debug */ = {
			isa = XCBuildConfiguration;
			buildSettings = {
				ASSETCATALOG_COMPILER_APPICON_NAME = AppIcon;
				ASSETCATALOG_COMPILER_GLOBAL_ACCENT_COLOR_NAME = AccentColor;
				CODE_SIGN_STYLE = Automatic;
				CURRENT_PROJECT_VERSION = 1;
				DEVELOPMENT_TEAM = H56BQC5KZW;
				ENABLE_PREVIEWS = YES;
				GENERATE_INFOPLIST_FILE = YES;
				INFOPLIST_KEY_UIApplicationSceneManifest_Generation = YES;
				INFOPLIST_KEY_UIApplicationSupportsIndirectInputEvents = YES;
				INFOPLIST_KEY_UILaunchScreen_Generation = YES;
				INFOPLIST_KEY_UISupportedInterfaceOrientations_iPad = "UIInterfaceOrientationPortrait UIInterfaceOrientationPortraitUpsideDown UIInterfaceOrientationLandscapeLeft UIInterfaceOrientationLandscapeRight";
				INFOPLIST_KEY_UISupportedInterfaceOrientations_iPhone = "UIInterfaceOrientationPortrait UIInterfaceOrientationLandscapeLeft UIInterfaceOrientationLandscapeRight";
				LD_RUNPATH_SEARCH_PATHS = (
					"$(inherited)",
					"@executable_path/Frameworks",
				);
				MARKETING_VERSION = 1.0;
				PRODUCT_BUNDLE_IDENTIFIER = in.karindam.AwesomeNavigationExample;
				PRODUCT_NAME = "$(TARGET_NAME)";
				SWIFT_EMIT_LOC_STRINGS = YES;
				SWIFT_VERSION = 5.0;
				TARGETED_DEVICE_FAMILY = "1,2";
			};
			name = Debug;
		};
		1157B7A32DF0C989001EB7D6 /* Release */ = {
			isa = XCBuildConfiguration;
			buildSettings = {
				ASSETCATALOG_COMPILER_APPICON_NAME = AppIcon;
				ASSETCATALOG_COMPILER_GLOBAL_ACCENT_COLOR_NAME = AccentColor;
				CODE_SIGN_STYLE = Automatic;
				CURRENT_PROJECT_VERSION = 1;
				DEVELOPMENT_TEAM = H56BQC5KZW;
				ENABLE_PREVIEWS = YES;
				GENERATE_INFOPLIST_FILE = YES;
				INFOPLIST_KEY_UIApplicationSceneManifest_Generation = YES;
				INFOPLIST_KEY_UIApplicationSupportsIndirectInputEvents = YES;
				INFOPLIST_KEY_UILaunchScreen_Generation = YES;
				INFOPLIST_KEY_UISupportedInterfaceOrientations_iPad = "UIInterfaceOrientationPortrait UIInterfaceOrientationPortraitUpsideDown UIInterfaceOrientationLandscapeLeft UIInterfaceOrientationLandscapeRight";
				INFOPLIST_KEY_UISupportedInterfaceOrientations_iPhone = "UIInterfaceOrientationPortrait UIInterfaceOrientationLandscapeLeft UIInterfaceOrientationLandscapeRight";
				LD_RUNPATH_SEARCH_PATHS = (
					"$(inherited)",
					"@executable_path/Frameworks",
				);
				MARKETING_VERSION = 1.0;
				PRODUCT_BUNDLE_IDENTIFIER = in.karindam.AwesomeNavigationExample;
				PRODUCT_NAME = "$(TARGET_NAME)";
				SWIFT_EMIT_LOC_STRINGS = YES;
				SWIFT_VERSION = 5.0;
				TARGETED_DEVICE_FAMILY = "1,2";
			};
			name = Release;
		};
		1157B7A52DF0C989001EB7D6 /* Debug */ = {
			isa = XCBuildConfiguration;
			buildSettings = {
				BUNDLE_LOADER = "$(TEST_HOST)";
				CODE_SIGN_STYLE = Automatic;
				CURRENT_PROJECT_VERSION = 1;
				DEVELOPMENT_TEAM = H56BQC5KZW;
				GENERATE_INFOPLIST_FILE = YES;
				IPHONEOS_DEPLOYMENT_TARGET = 18.5;
				MARKETING_VERSION = 1.0;
				PRODUCT_BUNDLE_IDENTIFIER = in.karindam.AwesomeNavigationExampleTests;
				PRODUCT_NAME = "$(TARGET_NAME)";
				SWIFT_EMIT_LOC_STRINGS = NO;
				SWIFT_VERSION = 5.0;
				TARGETED_DEVICE_FAMILY = "1,2";
				TEST_HOST = "$(BUILT_PRODUCTS_DIR)/AwesomeNavigationExample.app/$(BUNDLE_EXECUTABLE_FOLDER_PATH)/AwesomeNavigationExample";
			};
			name = Debug;
		};
		1157B7A62DF0C989001EB7D6 /* Release */ = {
			isa = XCBuildConfiguration;
			buildSettings = {
				BUNDLE_LOADER = "$(TEST_HOST)";
				CODE_SIGN_STYLE = Automatic;
				CURRENT_PROJECT_VERSION = 1;
				DEVELOPMENT_TEAM = H56BQC5KZW;
				GENERATE_INFOPLIST_FILE = YES;
				IPHONEOS_DEPLOYMENT_TARGET = 18.5;
				MARKETING_VERSION = 1.0;
				PRODUCT_BUNDLE_IDENTIFIER = in.karindam.AwesomeNavigationExampleTests;
				PRODUCT_NAME = "$(TARGET_NAME)";
				SWIFT_EMIT_LOC_STRINGS = NO;
				SWIFT_VERSION = 5.0;
				TARGETED_DEVICE_FAMILY = "1,2";
				TEST_HOST = "$(BUILT_PRODUCTS_DIR)/AwesomeNavigationExample.app/$(BUNDLE_EXECUTABLE_FOLDER_PATH)/AwesomeNavigationExample";
			};
			name = Release;
		};
		1157B7A82DF0C989001EB7D6 /* Debug */ = {
			isa = XCBuildConfiguration;
			buildSettings = {
				CODE_SIGN_STYLE = Automatic;
				CURRENT_PROJECT_VERSION = 1;
				DEVELOPMENT_TEAM = H56BQC5KZW;
				GENERATE_INFOPLIST_FILE = YES;
				MARKETING_VERSION = 1.0;
				PRODUCT_BUNDLE_IDENTIFIER = in.karindam.AwesomeNavigationExampleUITests;
				PRODUCT_NAME = "$(TARGET_NAME)";
				SWIFT_EMIT_LOC_STRINGS = NO;
				SWIFT_VERSION = 5.0;
				TARGETED_DEVICE_FAMILY = "1,2";
				TEST_TARGET_NAME = AwesomeNavigationExample;
			};
			name = Debug;
		};
		1157B7A92DF0C989001EB7D6 /* Release */ = {
			isa = XCBuildConfiguration;
			buildSettings = {
				CODE_SIGN_STYLE = Automatic;
				CURRENT_PROJECT_VERSION = 1;
				DEVELOPMENT_TEAM = H56BQC5KZW;
				GENERATE_INFOPLIST_FILE = YES;
				MARKETING_VERSION = 1.0;
				PRODUCT_BUNDLE_IDENTIFIER = in.karindam.AwesomeNavigationExampleUITests;
				PRODUCT_NAME = "$(TARGET_NAME)";
				SWIFT_EMIT_LOC_STRINGS = NO;
				SWIFT_VERSION = 5.0;
				TARGETED_DEVICE_FAMILY = "1,2";
				TEST_TARGET_NAME = AwesomeNavigationExample;
			};
			name = Release;
		};
/* End XCBuildConfiguration section */

/* Begin XCConfigurationList section */
		1157B77B2DF0C988001EB7D6 /* Build configuration list for PBXProject "AwesomeNavigationExample" */ = {
			isa = XCConfigurationList;
			buildConfigurations = (
				1157B79F2DF0C989001EB7D6 /* Debug */,
				1157B7A02DF0C989001EB7D6 /* Release */,
			);
			defaultConfigurationIsVisible = 0;
			defaultConfigurationName = Release;
		};
		1157B7A12DF0C989001EB7D6 /* Build configuration list for PBXNativeTarget "AwesomeNavigationExample" */ = {
			isa = XCConfigurationList;
			buildConfigurations = (
				1157B7A22DF0C989001EB7D6 /* Debug */,
				1157B7A32DF0C989001EB7D6 /* Release */,
			);
			defaultConfigurationIsVisible = 0;
			defaultConfigurationName = Release;
		};
		1157B7A42DF0C989001EB7D6 /* Build configuration list for PBXNativeTarget "AwesomeNavigationExampleTests" */ = {
			isa = XCConfigurationList;
			buildConfigurations = (
				1157B7A52DF0C989001EB7D6 /* Debug */,
				1157B7A62DF0C989001EB7D6 /* Release */,
			);
			defaultConfigurationIsVisible = 0;
			defaultConfigurationName = Release;
		};
		1157B7A72DF0C989001EB7D6 /* Build configuration list for PBXNativeTarget "AwesomeNavigationExampleUITests" */ = {
			isa = XCConfigurationList;
			buildConfigurations = (
				1157B7A82DF0C989001EB7D6 /* Debug */,
				1157B7A92DF0C989001EB7D6 /* Release */,
			);
			defaultConfigurationIsVisible = 0;
			defaultConfigurationName = Release;
		};
/* End XCConfigurationList section */

/* Begin XCLocalSwiftPackageReference section */
		1157B7AA2DF0CA1C001EB7D6 /* XCLocalSwiftPackageReference "../../../AwesomeNavigation" */ = {
			isa = XCLocalSwiftPackageReference;
			relativePath = ../../../AwesomeNavigation;
		};
/* End XCLocalSwiftPackageReference section */

/* Begin XCSwiftPackageProductDependency section */
		1157B7AB2DF0CA1C001EB7D6 /* AwesomeNavigation */ = {
			isa = XCSwiftPackageProductDependency;
			productName = AwesomeNavigation;
		};
/* End XCSwiftPackageProductDependency section */
	};
	rootObject = 1157B7782DF0C988001EB7D6 /* Project object */;
}
